// !$*UTF8*$!
{
	archiveVersion = 1;
	classes = {
	};
	objectVersion = 50;
	objects = {

/* Begin PBXBuildFile section */
		2B669D9E23770CA40053017F /* AppDelegate.swift in Sources */ = {isa = PBXBuildFile; fileRef = 2B669D9D23770CA40053017F /* AppDelegate.swift */; };
		2B669DA023770CA40053017F /* SceneDelegate.swift in Sources */ = {isa = PBXBuildFile; fileRef = 2B669D9F23770CA40053017F /* SceneDelegate.swift */; };
		2B669DA223770CA40053017F /* HomeVC.swift in Sources */ = {isa = PBXBuildFile; fileRef = 2B669DA123770CA40053017F /* HomeVC.swift */; };
		2B669DA723770CA50053017F /* Assets.xcassets in Resources */ = {isa = PBXBuildFile; fileRef = 2B669DA623770CA50053017F /* Assets.xcassets */; };
		2B669DAA23770CA50053017F /* LaunchScreen.storyboard in Resources */ = {isa = PBXBuildFile; fileRef = 2B669DA823770CA50053017F /* LaunchScreen.storyboard */; };
		2B669DB523770CA50053017F /* rokkhiOfficeTests.swift in Sources */ = {isa = PBXBuildFile; fileRef = 2B669DB423770CA50053017F /* rokkhiOfficeTests.swift */; };
		2B669DC023770CA50053017F /* rokkhiOfficeUITests.swift in Sources */ = {isa = PBXBuildFile; fileRef = 2B669DBF23770CA50053017F /* rokkhiOfficeUITests.swift */; };
		2B77AF6A237B380100292E94 /* VisitorCell.swift in Sources */ = {isa = PBXBuildFile; fileRef = 2B77AF69237B380100292E94 /* VisitorCell.swift */; };
		2B77AF6C237B3B3300292E94 /* VisitorVC.swift in Sources */ = {isa = PBXBuildFile; fileRef = 2B77AF6B237B3B3300292E94 /* VisitorVC.swift */; };
		2B77AF6E237B40D500292E94 /* Visitor.swift in Sources */ = {isa = PBXBuildFile; fileRef = 2B77AF6D237B40D500292E94 /* Visitor.swift */; };
		2B77AF71237B44D600292E94 /* DataService.swift in Sources */ = {isa = PBXBuildFile; fileRef = 2B77AF70237B44D600292E94 /* DataService.swift */; };
		2B77AF72237BC33500292E94 /* Main.storyboard in Resources */ = {isa = PBXBuildFile; fileRef = 2B669DA323770CA40053017F /* Main.storyboard */; };
/* End PBXBuildFile section */

/* Begin PBXContainerItemProxy section */
		2B669DB123770CA50053017F /* PBXContainerItemProxy */ = {
			isa = PBXContainerItemProxy;
			containerPortal = 2B669D9223770CA30053017F /* Project object */;
			proxyType = 1;
			remoteGlobalIDString = 2B669D9923770CA40053017F;
			remoteInfo = rokkhiOffice;
		};
		2B669DBC23770CA50053017F /* PBXContainerItemProxy */ = {
			isa = PBXContainerItemProxy;
			containerPortal = 2B669D9223770CA30053017F /* Project object */;
			proxyType = 1;
			remoteGlobalIDString = 2B669D9923770CA40053017F;
			remoteInfo = rokkhiOffice;
		};
/* End PBXContainerItemProxy section */

/* Begin PBXFileReference section */
		2B669D9A23770CA40053017F /* rokkhiOffice.app */ = {isa = PBXFileReference; explicitFileType = wrapper.application; includeInIndex = 0; path = rokkhiOffice.app; sourceTree = BUILT_PRODUCTS_DIR; };
		2B669D9D23770CA40053017F /* AppDelegate.swift */ = {isa = PBXFileReference; lastKnownFileType = sourcecode.swift; path = AppDelegate.swift; sourceTree = "<group>"; };
		2B669D9F23770CA40053017F /* SceneDelegate.swift */ = {isa = PBXFileReference; lastKnownFileType = sourcecode.swift; path = SceneDelegate.swift; sourceTree = "<group>"; };
		2B669DA123770CA40053017F /* HomeVC.swift */ = {isa = PBXFileReference; lastKnownFileType = sourcecode.swift; path = HomeVC.swift; sourceTree = "<group>"; };
		2B669DA423770CA40053017F /* Base */ = {isa = PBXFileReference; lastKnownFileType = file.storyboard; name = Base; path = Base.lproj/Main.storyboard; sourceTree = "<group>"; };
		2B669DA623770CA50053017F /* Assets.xcassets */ = {isa = PBXFileReference; lastKnownFileType = folder.assetcatalog; path = Assets.xcassets; sourceTree = "<group>"; };
		2B669DA923770CA50053017F /* Base */ = {isa = PBXFileReference; lastKnownFileType = file.storyboard; name = Base; path = Base.lproj/LaunchScreen.storyboard; sourceTree = "<group>"; };
		2B669DAB23770CA50053017F /* Info.plist */ = {isa = PBXFileReference; lastKnownFileType = text.plist.xml; path = Info.plist; sourceTree = "<group>"; };
		2B669DB023770CA50053017F /* rokkhiOfficeTests.xctest */ = {isa = PBXFileReference; explicitFileType = wrapper.cfbundle; includeInIndex = 0; path = rokkhiOfficeTests.xctest; sourceTree = BUILT_PRODUCTS_DIR; };
		2B669DB423770CA50053017F /* rokkhiOfficeTests.swift */ = {isa = PBXFileReference; lastKnownFileType = sourcecode.swift; path = rokkhiOfficeTests.swift; sourceTree = "<group>"; };
		2B669DB623770CA50053017F /* Info.plist */ = {isa = PBXFileReference; lastKnownFileType = text.plist.xml; path = Info.plist; sourceTree = "<group>"; };
		2B669DBB23770CA50053017F /* rokkhiOfficeUITests.xctest */ = {isa = PBXFileReference; explicitFileType = wrapper.cfbundle; includeInIndex = 0; path = rokkhiOfficeUITests.xctest; sourceTree = BUILT_PRODUCTS_DIR; };
		2B669DBF23770CA50053017F /* rokkhiOfficeUITests.swift */ = {isa = PBXFileReference; lastKnownFileType = sourcecode.swift; path = rokkhiOfficeUITests.swift; sourceTree = "<group>"; };
		2B669DC123770CA50053017F /* Info.plist */ = {isa = PBXFileReference; lastKnownFileType = text.plist.xml; path = Info.plist; sourceTree = "<group>"; };
		2B77AF69237B380100292E94 /* VisitorCell.swift */ = {isa = PBXFileReference; lastKnownFileType = sourcecode.swift; path = VisitorCell.swift; sourceTree = "<group>"; };
		2B77AF6B237B3B3300292E94 /* VisitorVC.swift */ = {isa = PBXFileReference; lastKnownFileType = sourcecode.swift; path = VisitorVC.swift; sourceTree = "<group>"; };
		2B77AF6D237B40D500292E94 /* Visitor.swift */ = {isa = PBXFileReference; lastKnownFileType = sourcecode.swift; path = Visitor.swift; sourceTree = "<group>"; };
		2B77AF70237B44D600292E94 /* DataService.swift */ = {isa = PBXFileReference; lastKnownFileType = sourcecode.swift; path = DataService.swift; sourceTree = "<group>"; };
/* End PBXFileReference section */

/* Begin PBXFrameworksBuildPhase section */
		2B669D9723770CA40053017F /* Frameworks */ = {
			isa = PBXFrameworksBuildPhase;
			buildActionMask = 2147483647;
			files = (
			);
			runOnlyForDeploymentPostprocessing = 0;
		};
		2B669DAD23770CA50053017F /* Frameworks */ = {
			isa = PBXFrameworksBuildPhase;
			buildActionMask = 2147483647;
			files = (
			);
			runOnlyForDeploymentPostprocessing = 0;
		};
		2B669DB823770CA50053017F /* Frameworks */ = {
			isa = PBXFrameworksBuildPhase;
			buildActionMask = 2147483647;
			files = (
			);
			runOnlyForDeploymentPostprocessing = 0;
		};
/* End PBXFrameworksBuildPhase section */

/* Begin PBXGroup section */
		2B669D9123770CA30053017F = {
			isa = PBXGroup;
			children = (
				2B669D9C23770CA40053017F /* rokkhiOffice */,
				2B669DB323770CA50053017F /* rokkhiOfficeTests */,
				2B669DBE23770CA50053017F /* rokkhiOfficeUITests */,
				2B669D9B23770CA40053017F /* Products */,
			);
			sourceTree = "<group>";
		};
		2B669D9B23770CA40053017F /* Products */ = {
			isa = PBXGroup;
			children = (
				2B669D9A23770CA40053017F /* rokkhiOffice.app */,
				2B669DB023770CA50053017F /* rokkhiOfficeTests.xctest */,
				2B669DBB23770CA50053017F /* rokkhiOfficeUITests.xctest */,
			);
			name = Products;
			sourceTree = "<group>";
		};
		2B669D9C23770CA40053017F /* rokkhiOffice */ = {
			isa = PBXGroup;
			children = (
				2B77AF6F237B44BE00292E94 /* Services */,
				2B77AF68237B36EA00292E94 /* Controller */,
				2B77AF67237B36E500292E94 /* View */,
				2B77AF66237B36DA00292E94 /* Model */,
				2B669D9D23770CA40053017F /* AppDelegate.swift */,
				2B669D9F23770CA40053017F /* SceneDelegate.swift */,
				2B669DA323770CA40053017F /* Main.storyboard */,
				2B669DA623770CA50053017F /* Assets.xcassets */,
				2B669DA823770CA50053017F /* LaunchScreen.storyboard */,
				2B669DAB23770CA50053017F /* Info.plist */,
			);
			path = rokkhiOffice;
			sourceTree = "<group>";
		};
		2B669DB323770CA50053017F /* rokkhiOfficeTests */ = {
			isa = PBXGroup;
			children = (
				2B669DB423770CA50053017F /* rokkhiOfficeTests.swift */,
				2B669DB623770CA50053017F /* Info.plist */,
			);
			path = rokkhiOfficeTests;
			sourceTree = "<group>";
		};
		2B669DBE23770CA50053017F /* rokkhiOfficeUITests */ = {
			isa = PBXGroup;
			children = (
				2B669DBF23770CA50053017F /* rokkhiOfficeUITests.swift */,
				2B669DC123770CA50053017F /* Info.plist */,
			);
			path = rokkhiOfficeUITests;
			sourceTree = "<group>";
		};
		2B77AF66237B36DA00292E94 /* Model */ = {
			isa = PBXGroup;
			children = (
				2B77AF6D237B40D500292E94 /* Visitor.swift */,
			);
			path = Model;
			sourceTree = "<group>";
		};
		2B77AF67237B36E500292E94 /* View */ = {
			isa = PBXGroup;
			children = (
				2B77AF69237B380100292E94 /* VisitorCell.swift */,
			);
			path = View;
			sourceTree = "<group>";
		};
		2B77AF68237B36EA00292E94 /* Controller */ = {
			isa = PBXGroup;
			children = (
				2B669DA123770CA40053017F /* HomeVC.swift */,
				2B77AF6B237B3B3300292E94 /* VisitorVC.swift */,
			);
			path = Controller;
			sourceTree = "<group>";
		};
		2B77AF6F237B44BE00292E94 /* Services */ = {
			isa = PBXGroup;
			children = (
				2B77AF70237B44D600292E94 /* DataService.swift */,
			);
			path = Services;
			sourceTree = "<group>";
		};
/* End PBXGroup section */

/* Begin PBXNativeTarget section */
		2B669D9923770CA40053017F /* rokkhiOffice */ = {
			isa = PBXNativeTarget;
			buildConfigurationList = 2B669DC423770CA50053017F /* Build configuration list for PBXNativeTarget "rokkhiOffice" */;
			buildPhases = (
				2B669D9623770CA40053017F /* Sources */,
				2B669D9723770CA40053017F /* Frameworks */,
				2B669D9823770CA40053017F /* Resources */,
			);
			buildRules = (
			);
			dependencies = (
			);
			name = rokkhiOffice;
			productName = rokkhiOffice;
			productReference = 2B669D9A23770CA40053017F /* rokkhiOffice.app */;
			productType = "com.apple.product-type.application";
		};
		2B669DAF23770CA50053017F /* rokkhiOfficeTests */ = {
			isa = PBXNativeTarget;
			buildConfigurationList = 2B669DC723770CA50053017F /* Build configuration list for PBXNativeTarget "rokkhiOfficeTests" */;
			buildPhases = (
				2B669DAC23770CA50053017F /* Sources */,
				2B669DAD23770CA50053017F /* Frameworks */,
				2B669DAE23770CA50053017F /* Resources */,
			);
			buildRules = (
			);
			dependencies = (
				2B669DB223770CA50053017F /* PBXTargetDependency */,
			);
			name = rokkhiOfficeTests;
			productName = rokkhiOfficeTests;
			productReference = 2B669DB023770CA50053017F /* rokkhiOfficeTests.xctest */;
			productType = "com.apple.product-type.bundle.unit-test";
		};
		2B669DBA23770CA50053017F /* rokkhiOfficeUITests */ = {
			isa = PBXNativeTarget;
			buildConfigurationList = 2B669DCA23770CA50053017F /* Build configuration list for PBXNativeTarget "rokkhiOfficeUITests" */;
			buildPhases = (
				2B669DB723770CA50053017F /* Sources */,
				2B669DB823770CA50053017F /* Frameworks */,
				2B669DB923770CA50053017F /* Resources */,
			);
			buildRules = (
			);
			dependencies = (
				2B669DBD23770CA50053017F /* PBXTargetDependency */,
			);
			name = rokkhiOfficeUITests;
			productName = rokkhiOfficeUITests;
			productReference = 2B669DBB23770CA50053017F /* rokkhiOfficeUITests.xctest */;
			productType = "com.apple.product-type.bundle.ui-testing";
		};
/* End PBXNativeTarget section */

/* Begin PBXProject section */
		2B669D9223770CA30053017F /* Project object */ = {
			isa = PBXProject;
			attributes = {
				LastSwiftUpdateCheck = 1120;
				LastUpgradeCheck = 1120;
				ORGANIZATIONNAME = "Shafiqul  Islam";
				TargetAttributes = {
					2B669D9923770CA40053017F = {
						CreatedOnToolsVersion = 11.2;
					};
					2B669DAF23770CA50053017F = {
						CreatedOnToolsVersion = 11.2;
						TestTargetID = 2B669D9923770CA40053017F;
					};
					2B669DBA23770CA50053017F = {
						CreatedOnToolsVersion = 11.2;
						TestTargetID = 2B669D9923770CA40053017F;
					};
				};
			};
			buildConfigurationList = 2B669D9523770CA30053017F /* Build configuration list for PBXProject "rokkhiOffice" */;
			compatibilityVersion = "Xcode 9.3";
			developmentRegion = en;
			hasScannedForEncodings = 0;
			knownRegions = (
				en,
				Base,
			);
			mainGroup = 2B669D9123770CA30053017F;
			productRefGroup = 2B669D9B23770CA40053017F /* Products */;
			projectDirPath = "";
			projectRoot = "";
			targets = (
				2B669D9923770CA40053017F /* rokkhiOffice */,
				2B669DAF23770CA50053017F /* rokkhiOfficeTests */,
				2B669DBA23770CA50053017F /* rokkhiOfficeUITests */,
			);
		};
/* End PBXProject section */

/* Begin PBXResourcesBuildPhase section */
		2B669D9823770CA40053017F /* Resources */ = {
			isa = PBXResourcesBuildPhase;
			buildActionMask = 2147483647;
			files = (
				2B77AF72237BC33500292E94 /* Main.storyboard in Resources */,
				2B669DAA23770CA50053017F /* LaunchScreen.storyboard in Resources */,
				2B669DA723770CA50053017F /* Assets.xcassets in Resources */,
			);
			runOnlyForDeploymentPostprocessing = 0;
		};
		2B669DAE23770CA50053017F /* Resources */ = {
			isa = PBXResourcesBuildPhase;
			buildActionMask = 2147483647;
			files = (
			);
			runOnlyForDeploymentPostprocessing = 0;
		};
		2B669DB923770CA50053017F /* Resources */ = {
			isa = PBXResourcesBuildPhase;
			buildActionMask = 2147483647;
			files = (
			);
			runOnlyForDeploymentPostprocessing = 0;
		};
/* End PBXResourcesBuildPhase section */

/* Begin PBXSourcesBuildPhase section */
		2B669D9623770CA40053017F /* Sources */ = {
			isa = PBXSourcesBuildPhase;
			buildActionMask = 2147483647;
			files = (
				2B77AF6A237B380100292E94 /* VisitorCell.swift in Sources */,
				2B77AF71237B44D600292E94 /* DataService.swift in Sources */,
				2B77AF6C237B3B3300292E94 /* VisitorVC.swift in Sources */,
				2B669DA223770CA40053017F /* HomeVC.swift in Sources */,
				2B669D9E23770CA40053017F /* AppDelegate.swift in Sources */,
				2B77AF6E237B40D500292E94 /* Visitor.swift in Sources */,
				2B669DA023770CA40053017F /* SceneDelegate.swift in Sources */,
			);
			runOnlyForDeploymentPostprocessing = 0;
		};
		2B669DAC23770CA50053017F /* Sources */ = {
			isa = PBXSourcesBuildPhase;
			buildActionMask = 2147483647;
			files = (
				2B669DB523770CA50053017F /* rokkhiOfficeTests.swift in Sources */,
			);
			runOnlyForDeploymentPostprocessing = 0;
		};
		2B669DB723770CA50053017F /* Sources */ = {
			isa = PBXSourcesBuildPhase;
			buildActionMask = 2147483647;
			files = (
				2B669DC023770CA50053017F /* rokkhiOfficeUITests.swift in Sources */,
			);
			runOnlyForDeploymentPostprocessing = 0;
		};
/* End PBXSourcesBuildPhase section */

/* Begin PBXTargetDependency section */
		2B669DB223770CA50053017F /* PBXTargetDependency */ = {
			isa = PBXTargetDependency;
			target = 2B669D9923770CA40053017F /* rokkhiOffice */;
			targetProxy = 2B669DB123770CA50053017F /* PBXContainerItemProxy */;
		};
		2B669DBD23770CA50053017F /* PBXTargetDependency */ = {
			isa = PBXTargetDependency;
			target = 2B669D9923770CA40053017F /* rokkhiOffice */;
			targetProxy = 2B669DBC23770CA50053017F /* PBXContainerItemProxy */;
		};
/* End PBXTargetDependency section */

/* Begin PBXVariantGroup section */
		2B669DA323770CA40053017F /* Main.storyboard */ = {
			isa = PBXVariantGroup;
			children = (
				2B669DA423770CA40053017F /* Base */,
			);
			name = Main.storyboard;
			sourceTree = "<group>";
		};
		2B669DA823770CA50053017F /* LaunchScreen.storyboard */ = {
			isa = PBXVariantGroup;
			children = (
				2B669DA923770CA50053017F /* Base */,
			);
			name = LaunchScreen.storyboard;
			sourceTree = "<group>";
		};
/* End PBXVariantGroup section */

/* Begin XCBuildConfiguration section */
		2B669DC223770CA50053017F /* Debug */ = {
			isa = XCBuildConfiguration;
			buildSettings = {
				ALWAYS_SEARCH_USER_PATHS = NO;
				CLANG_ANALYZER_NONNULL = YES;
				CLANG_ANALYZER_NUMBER_OBJECT_CONVERSION = YES_AGGRESSIVE;
				CLANG_CXX_LANGUAGE_STANDARD = "gnu++14";
				CLANG_CXX_LIBRARY = "libc++";
				CLANG_ENABLE_MODULES = YES;
				CLANG_ENABLE_OBJC_ARC = YES;
				CLANG_ENABLE_OBJC_WEAK = YES;
				CLANG_WARN_BLOCK_CAPTURE_AUTORELEASING = YES;
				CLANG_WARN_BOOL_CONVERSION = YES;
				CLANG_WARN_COMMA = YES;
				CLANG_WARN_CONSTANT_CONVERSION = YES;
				CLANG_WARN_DEPRECATED_OBJC_IMPLEMENTATIONS = YES;
				CLANG_WARN_DIRECT_OBJC_ISA_USAGE = YES_ERROR;
				CLANG_WARN_DOCUMENTATION_COMMENTS = YES;
				CLANG_WARN_EMPTY_BODY = YES;
				CLANG_WARN_ENUM_CONVERSION = YES;
				CLANG_WARN_INFINITE_RECURSION = YES;
				CLANG_WARN_INT_CONVERSION = YES;
				CLANG_WARN_NON_LITERAL_NULL_CONVERSION = YES;
				CLANG_WARN_OBJC_IMPLICIT_RETAIN_SELF = YES;
				CLANG_WARN_OBJC_LITERAL_CONVERSION = YES;
				CLANG_WARN_OBJC_ROOT_CLASS = YES_ERROR;
				CLANG_WARN_RANGE_LOOP_ANALYSIS = YES;
				CLANG_WARN_STRICT_PROTOTYPES = YES;
				CLANG_WARN_SUSPICIOUS_MOVE = YES;
				CLANG_WARN_UNGUARDED_AVAILABILITY = YES_AGGRESSIVE;
				CLANG_WARN_UNREACHABLE_CODE = YES;
				CLANG_WARN__DUPLICATE_METHOD_MATCH = YES;
				COPY_PHASE_STRIP = NO;
				DEBUG_INFORMATION_FORMAT = dwarf;
				ENABLE_STRICT_OBJC_MSGSEND = YES;
				ENABLE_TESTABILITY = YES;
				GCC_C_LANGUAGE_STANDARD = gnu11;
				GCC_DYNAMIC_NO_PIC = NO;
				GCC_NO_COMMON_BLOCKS = YES;
				GCC_OPTIMIZATION_LEVEL = 0;
				GCC_PREPROCESSOR_DEFINITIONS = (
					"DEBUG=1",
					"$(inherited)",
				);
				GCC_WARN_64_TO_32_BIT_CONVERSION = YES;
				GCC_WARN_ABOUT_RETURN_TYPE = YES_ERROR;
				GCC_WARN_UNDECLARED_SELECTOR = YES;
				GCC_WARN_UNINITIALIZED_AUTOS = YES_AGGRESSIVE;
				GCC_WARN_UNUSED_FUNCTION = YES;
				GCC_WARN_UNUSED_VARIABLE = YES;
				IPHONEOS_DEPLOYMENT_TARGET = 13.2;
				MTL_ENABLE_DEBUG_INFO = INCLUDE_SOURCE;
				MTL_FAST_MATH = YES;
				ONLY_ACTIVE_ARCH = YES;
				SDKROOT = iphoneos;
				SWIFT_ACTIVE_COMPILATION_CONDITIONS = DEBUG;
				SWIFT_OPTIMIZATION_LEVEL = "-Onone";
			};
			name = Debug;
		};
		2B669DC323770CA50053017F /* Release */ = {
			isa = XCBuildConfiguration;
			buildSettings = {
				ALWAYS_SEARCH_USER_PATHS = NO;
				CLANG_ANALYZER_NONNULL = YES;
				CLANG_ANALYZER_NUMBER_OBJECT_CONVERSION = YES_AGGRESSIVE;
				CLANG_CXX_LANGUAGE_STANDARD = "gnu++14";
				CLANG_CXX_LIBRARY = "libc++";
				CLANG_ENABLE_MODULES = YES;
				CLANG_ENABLE_OBJC_ARC = YES;
				CLANG_ENABLE_OBJC_WEAK = YES;
				CLANG_WARN_BLOCK_CAPTURE_AUTORELEASING = YES;
				CLANG_WARN_BOOL_CONVERSION = YES;
				CLANG_WARN_COMMA = YES;
				CLANG_WARN_CONSTANT_CONVERSION = YES;
				CLANG_WARN_DEPRECATED_OBJC_IMPLEMENTATIONS = YES;
				CLANG_WARN_DIRECT_OBJC_ISA_USAGE = YES_ERROR;
				CLANG_WARN_DOCUMENTATION_COMMENTS = YES;
				CLANG_WARN_EMPTY_BODY = YES;
				CLANG_WARN_ENUM_CONVERSION = YES;
				CLANG_WARN_INFINITE_RECURSION = YES;
				CLANG_WARN_INT_CONVERSION = YES;
				CLANG_WARN_NON_LITERAL_NULL_CONVERSION = YES;
				CLANG_WARN_OBJC_IMPLICIT_RETAIN_SELF = YES;
				CLANG_WARN_OBJC_LITERAL_CONVERSION = YES;
				CLANG_WARN_OBJC_ROOT_CLASS = YES_ERROR;
				CLANG_WARN_RANGE_LOOP_ANALYSIS = YES;
				CLANG_WARN_STRICT_PROTOTYPES = YES;
				CLANG_WARN_SUSPICIOUS_MOVE = YES;
				CLANG_WARN_UNGUARDED_AVAILABILITY = YES_AGGRESSIVE;
				CLANG_WARN_UNREACHABLE_CODE = YES;
				CLANG_WARN__DUPLICATE_METHOD_MATCH = YES;
				COPY_PHASE_STRIP = NO;
				DEBUG_INFORMATION_FORMAT = "dwarf-with-dsym";
				ENABLE_NS_ASSERTIONS = NO;
				ENABLE_STRICT_OBJC_MSGSEND = YES;
				GCC_C_LANGUAGE_STANDARD = gnu11;
				GCC_NO_COMMON_BLOCKS = YES;
				GCC_WARN_64_TO_32_BIT_CONVERSION = YES;
				GCC_WARN_ABOUT_RETURN_TYPE = YES_ERROR;
				GCC_WARN_UNDECLARED_SELECTOR = YES;
				GCC_WARN_UNINITIALIZED_AUTOS = YES_AGGRESSIVE;
				GCC_WARN_UNUSED_FUNCTION = YES;
				GCC_WARN_UNUSED_VARIABLE = YES;
				IPHONEOS_DEPLOYMENT_TARGET = 13.2;
				MTL_ENABLE_DEBUG_INFO = NO;
				MTL_FAST_MATH = YES;
				SDKROOT = iphoneos;
				SWIFT_COMPILATION_MODE = wholemodule;
				SWIFT_OPTIMIZATION_LEVEL = "-O";
				VALIDATE_PRODUCT = YES;
			};
			name = Release;
		};
		2B669DC523770CA50053017F /* Debug */ = {
			isa = XCBuildConfiguration;
			buildSettings = {
				ASSETCATALOG_COMPILER_APPICON_NAME = AppIcon;
				CODE_SIGN_STYLE = Automatic;
				INFOPLIST_FILE = rokkhiOffice/Info.plist;
				LD_RUNPATH_SEARCH_PATHS = (
					"$(inherited)",
					"@executable_path/Frameworks",
				);
				PRODUCT_BUNDLE_IDENTIFIER = newSunIT.rokkhiOffice;
				PRODUCT_NAME = "$(TARGET_NAME)";
				SWIFT_VERSION = 5.0;
				TARGETED_DEVICE_FAMILY = "1,2";
			};
			name = Debug;
		};
		2B669DC623770CA50053017F /* Release */ = {
			isa = XCBuildConfiguration;
			buildSettings = {
				ASSETCATALOG_COMPILER_APPICON_NAME = AppIcon;
				CODE_SIGN_STYLE = Automatic;
				INFOPLIST_FILE = rokkhiOffice/Info.plist;
				LD_RUNPATH_SEARCH_PATHS = (
					"$(inherited)",
					"@executable_path/Frameworks",
				);
				PRODUCT_BUNDLE_IDENTIFIER = newSunIT.rokkhiOffice;
				PRODUCT_NAME = "$(TARGET_NAME)";
				SWIFT_VERSION = 5.0;
				TARGETED_DEVICE_FAMILY = "1,2";
			};
			name = Release;
		};
		2B669DC823770CA50053017F /* Debug */ = {
			isa = XCBuildConfiguration;
			buildSettings = {
				ALWAYS_EMBED_SWIFT_STANDARD_LIBRARIES = YES;
				BUNDLE_LOADER = "$(TEST_HOST)";
				CODE_SIGN_STYLE = Automatic;
				INFOPLIST_FILE = rokkhiOfficeTests/Info.plist;
				IPHONEOS_DEPLOYMENT_TARGET = 13.2;
				LD_RUNPATH_SEARCH_PATHS = (
					"$(inherited)",
					"@executable_path/Frameworks",
					"@loader_path/Frameworks",
				);
				PRODUCT_BUNDLE_IDENTIFIER = newSunIT.rokkhiOfficeTests;
				PRODUCT_NAME = "$(TARGET_NAME)";
				SWIFT_VERSION = 5.0;
				TARGETED_DEVICE_FAMILY = "1,2";
				TEST_HOST = "$(BUILT_PRODUCTS_DIR)/rokkhiOffice.app/rokkhiOffice";
			};
			name = Debug;
		};
		2B669DC923770CA50053017F /* Release */ = {
			isa = XCBuildConfiguration;
			buildSettings = {
				ALWAYS_EMBED_SWIFT_STANDARD_LIBRARIES = YES;
				BUNDLE_LOADER = "$(TEST_HOST)";
				CODE_SIGN_STYLE = Automatic;
				INFOPLIST_FILE = rokkhiOfficeTests/Info.plist;
				IPHONEOS_DEPLOYMENT_TARGET = 13.2;
				LD_RUNPATH_SEARCH_PATHS = (
					"$(inherited)",
					"@executable_path/Frameworks",
					"@loader_path/Frameworks",
				);
				PRODUCT_BUNDLE_IDENTIFIER = newSunIT.rokkhiOfficeTests;
				PRODUCT_NAME = "$(TARGET_NAME)";
				SWIFT_VERSION = 5.0;
				TARGETED_DEVICE_FAMILY = "1,2";
				TEST_HOST = "$(BUILT_PRODUCTS_DIR)/rokkhiOffice.app/rokkhiOffice";
			};
			name = Release;
		};
		2B669DCB23770CA50053017F /* Debug */ = {
			isa = XCBuildConfiguration;
			buildSettings = {
				ALWAYS_EMBED_SWIFT_STANDARD_LIBRARIES = YES;
				CODE_SIGN_STYLE = Automatic;
				INFOPLIST_FILE = rokkhiOfficeUITests/Info.plist;
				LD_RUNPATH_SEARCH_PATHS = (
					"$(inherited)",
					"@executable_path/Frameworks",
					"@loader_path/Frameworks",
				);
				PRODUCT_BUNDLE_IDENTIFIER = newSunIT.rokkhiOfficeUITests;
				PRODUCT_NAME = "$(TARGET_NAME)";
				SWIFT_VERSION = 5.0;
				TARGETED_DEVICE_FAMILY = "1,2";
				TEST_TARGET_NAME = rokkhiOffice;
			};
			name = Debug;
		};
		2B669DCC23770CA50053017F /* Release */ = {
			isa = XCBuildConfiguration;
			buildSettings = {
				ALWAYS_EMBED_SWIFT_STANDARD_LIBRARIES = YES;
				CODE_SIGN_STYLE = Automatic;
				INFOPLIST_FILE = rokkhiOfficeUITests/Info.plist;
				LD_RUNPATH_SEARCH_PATHS = (
					"$(inherited)",
					"@executable_path/Frameworks",
					"@loader_path/Frameworks",
				);
				PRODUCT_BUNDLE_IDENTIFIER = newSunIT.rokkhiOfficeUITests;
				PRODUCT_NAME = "$(TARGET_NAME)";
				SWIFT_VERSION = 5.0;
				TARGETED_DEVICE_FAMILY = "1,2";
				TEST_TARGET_NAME = rokkhiOffice;
			};
			name = Release;
		};
/* End XCBuildConfiguration section */

/* Begin XCConfigurationList section */
		2B669D9523770CA30053017F /* Build configuration list for PBXProject "rokkhiOffice" */ = {
			isa = XCConfigurationList;
			buildConfigurations = (
				2B669DC223770CA50053017F /* Debug */,
				2B669DC323770CA50053017F /* Release */,
			);
			defaultConfigurationIsVisible = 0;
			defaultConfigurationName = Release;
		};
		2B669DC423770CA50053017F /* Build configuration list for PBXNativeTarget "rokkhiOffice" */ = {
			isa = XCConfigurationList;
			buildConfigurations = (
				2B669DC523770CA50053017F /* Debug */,
				2B669DC623770CA50053017F /* Release */,
			);
			defaultConfigurationIsVisible = 0;
			defaultConfigurationName = Release;
		};
		2B669DC723770CA50053017F /* Build configuration list for PBXNativeTarget "rokkhiOfficeTests" */ = {
			isa = XCConfigurationList;
			buildConfigurations = (
				2B669DC823770CA50053017F /* Debug */,
				2B669DC923770CA50053017F /* Release */,
			);
			defaultConfigurationIsVisible = 0;
			defaultConfigurationName = Release;
		};
		2B669DCA23770CA50053017F /* Build configuration list for PBXNativeTarget "rokkhiOfficeUITests" */ = {
			isa = XCConfigurationList;
			buildConfigurations = (
				2B669DCB23770CA50053017F /* Debug */,
				2B669DCC23770CA50053017F /* Release */,
			);
			defaultConfigurationIsVisible = 0;
			defaultConfigurationName = Release;
		};
/* End XCConfigurationList section */
	};
	rootObject = 2B669D9223770CA30053017F /* Project object */;
}
